
Microsoft Visual Studio Solution File, Format Version 12.00
# Visual Studio Version 16
VisualStudioVersion = 16.0.31515.178
MinimumVisualStudioVersion = 10.0.40219.1
Project("{8BC9CEB8-8B4A-11D0-8D11-00A0C91BC942}") = "MordusRecordsVS", "MordusRecordsVS.vcxproj", "{7751D7D7-6C91-4B55-9397-05B70BF681E2}"
EndProject
Global
	GlobalSection(SolutionConfigurationPlatforms) = preSolution
		Debug|x64 = Debug|x64
		Debug|x86 = Debug|x86
		Release|x64 = Release|x64
		Release|x86 = Release|x86
	EndGlobalSection
	GlobalSection(ProjectConfigurationPlatforms) = postSolution
		{7751D7D7-6C91-4B55-9397-05B70BF681E2}.Debug|x64.ActiveCfg = Debug|x64
		{7751D7D7-6C91-4B55-9397-05B70BF681E2}.Debug|x64.Build.0 = Debug|x64
		{7751D7D7-6C91-4B55-9397-05B70BF681E2}.Debug|x86.ActiveCfg = Debug|Win32
		{7751D7D7-6C91-4B55-9397-05B70BF681E2}.Debug|x86.Build.0 = Debug|Win32
		{7751D7D7-6C91-4B55-9397-05B70BF681E2}.Release|x64.ActiveCfg = Release|x64
		{7751D7D7-6C91-4B55-9397-05B70BF681E2}.Release|x64.Build.0 = Release|x64
		{7751D7D7-6C91-4B55-9397-05B70BF681E2}.Release|x86.ActiveCfg = Release|Win32
		{7751D7D7-6C91-4B55-9397-05B70BF681E2}.Release|x86.Build.0 = Release|Win32
	EndGlobalSection
	GlobalSection(SolutionProperties) = preSolution
		HideSolutionNode = FALSE
	EndGlobalSection
	GlobalSection(ExtensibilityGlobals) = postSolution
		SolutionGuid = {6C855636-4744-4ABB-9C17-ECA78E64279F}
	EndGlobalSection
EndGlobal
