<?xml version="1.0" encoding="utf-8"?>
<Project ToolsVersion="4.0" xmlns="http://schemas.microsoft.com/developer/msbuild/2003">
  <ItemGroup>
    <Filter Include="Source Files">
      <UniqueIdentifier>{4FC737F1-C7A5-4376-A066-2A32D752A2FF}</UniqueIdentifier>
      <Extensions>cpp;c;cc;cxx;c++;cppm;ixx;def;odl;idl;hpj;bat;asm;asmx</Extensions>
    </Filter>
    <Filter Include="Header Files">
      <UniqueIdentifier>{93995380-89BD-4b04-88EB-625FBE52EBFB}</UniqueIdentifier>
      <Extensions>h;hh;hpp;hxx;h++;hm;inl;inc;ipp;xsd</Extensions>
    </Filter>
    <Filter Include="Resource Files">
      <UniqueIdentifier>{67DA6AB6-F800-4c08-8B7A-83BB121AAD01}</UniqueIdentifier>
      <Extensions>rc;ico;cur;bmp;dlg;rc2;rct;bin;rgs;gif;jpg;jpeg;jpe;resx;tiff;tif;png;wav;mfcribbon-ms</Extensions>
    </Filter>
  </ItemGroup>
  <ItemGroup>
    <ClInclude Include="..\MordusRecords\URLProperty.h">
      <Filter>Header Files</Filter>
    </ClInclude>
    <ClInclude Include="..\MordusRecords\StringProperty.h">
      <Filter>Header Files</Filter>
    </ClInclude>
    <ClInclude Include="..\MordusRecords\SectionProperty.h">
      <Filter>Header Files</Filter>
    </ClInclude>
    <ClInclude Include="..\MordusRecords\RecordManager.h">
      <Filter>Header Files</Filter>
    </ClInclude>
    <ClInclude Include="..\MordusRecords\Record.h">
      <Filter>Header Files</Filter>
    </ClInclude>
    <ClInclude Include="..\MordusRecords\LinkManager.h">
      <Filter>Header Files</Filter>
    </ClInclude>
    <ClInclude Include="..\MordusRecords\Link.h">
      <Filter>Header Files</Filter>
    </ClInclude>
    <ClInclude Include="..\MordusRecords\IntProperty.h">
      <Filter>Header Files</Filter>
    </ClInclude>
    <ClInclude Include="..\MordusRecords\FloatProperty.h">
      <Filter>Header Files</Filter>
    </ClInclude>
    <ClInclude Include="..\MordusRecords\DateProperty.h">
      <Filter>Header Files</Filter>
    </ClInclude>
    <ClInclude Include="..\MordusRecords\BaseProperty.h">
      <Filter>Header Files</Filter>
    </ClInclude>
    <ClInclude Include="..\MordusRecords\PropertyContainer.h">
      <Filter>Header Files</Filter>
    </ClInclude>
    <ClInclude Include="..\MordusRecords\Date.h">
      <Filter>Header Files</Filter>
    </ClInclude>
    <ClInclude Include="..\MordusRecords\RecordContainer.h">
      <Filter>Header Files</Filter>
    </ClInclude>
    <ClInclude Include="..\MordusRecords\LinkContainer.h">
      <Filter>Header Files</Filter>
    </ClInclude>
    <ClInclude Include="..\MordusRecords\BasePropertyVisitor.h">
      <Filter>Header Files</Filter>
    </ClInclude>
    <ClInclude Include="..\MordusRecords\SaveToStreamVisitor.h">
      <Filter>Header Files</Filter>
    </ClInclude>
    <ClInclude Include="..\MordusRecords\SimpleSearchVisitor.h">
      <Filter>Header Files</Filter>
    </ClInclude>
  </ItemGroup>
  <ItemGroup>
    <ClCompile Include="..\MordusRecords\URLProperty.cpp">
      <Filter>Source Files</Filter>
    </ClCompile>
    <ClCompile Include="..\MordusRecords\StringProperty.cpp">
      <Filter>Source Files</Filter>
    </ClCompile>
    <ClCompile Include="..\MordusRecords\SectionProperty.cpp">
      <Filter>Source Files</Filter>
    </ClCompile>
    <ClCompile Include="..\MordusRecords\RecordManager.cpp">
      <Filter>Source Files</Filter>
    </ClCompile>
    <ClCompile Include="..\MordusRecords\Record.cpp">
      <Filter>Source Files</Filter>
    </ClCompile>
    <ClCompile Include="..\MordusRecords\LinkManager.cpp">
      <Filter>Source Files</Filter>
    </ClCompile>
    <ClCompile Include="..\MordusRecords\Link.cpp">
      <Filter>Source Files</Filter>
    </ClCompile>
    <ClCompile Include="..\MordusRecords\IntProperty.cpp">
      <Filter>Source Files</Filter>
    </ClCompile>
    <ClCompile Include="..\MordusRecords\FloatProperty.cpp">
      <Filter>Source Files</Filter>
    </ClCompile>
    <ClCompile Include="..\MordusRecords\DateProperty.cpp">
      <Filter>Source Files</Filter>
    </ClCompile>
    <ClCompile Include="..\MordusRecords\BaseProperty.cpp">
      <Filter>Source Files</Filter>
    </ClCompile>
    <ClCompile Include="..\MordusRecords\Date.cpp">
      <Filter>Source Files</Filter>
    </ClCompile>
    <ClCompile Include="..\MordusRecords\Mordus.cpp">
      <Filter>Source Files</Filter>
    </ClCompile>
    <ClCompile Include="..\MordusRecords\SaveToStreamVisitor.cpp">
      <Filter>Source Files</Filter>
    </ClCompile>
  </ItemGroup>
</Project>